{
  "name": "mssql-server",
  "version": "0.1.0",
  "dependencies": {
    "applicationinsights": {
      "version": "0.15.6",
      "from": "applicationinsights@0.15.6",
      "resolved": "https://registry.npmjs.org/applicationinsights/-/applicationinsights-0.15.6.tgz"
    },
   "dataprotocol-client": {
      "version": "3.0.2-beta.5",
      "from": "../../dataprotocol-node/client",
      "resolved": "file:../../dataprotocol-node/client"
    },
    "dataprotocol-jsonrpc": {
      "version": "3.0.2-beta.5",
      "from": "../../dataprotocol-node/jsonrpc",
      "resolved": "file:../../dataprotocol-node/jsonrpc"
    },
    "dataprotocol-languageserver-types": {
      "version": "3.0.2-beta.5",
      "from": "../../dataprotocol-node/types",
      "resolved": "file:../../dataprotocol-node/types"
    },
    "vscode-nls": {
      "version": "1.0.7",
      "from": "vscode-nls@latest",
      "resolved": "https://registry.npmjs.org/vscode-nls/-/vscode-nls-1.0.7.tgz"
    },
    "winreg": {
      "version": "0.0.13",
      "from": "winreg@0.0.13",
      "resolved": "https://registry.npmjs.org/winreg/-/winreg-0.0.13.tgz"
    }
  }
}
